# THIS IS AN AUTOGENERATED FILE. DO NOT EDIT THIS FILE DIRECTLY.
# yarn lockfile v1


"@anthropic-ai/sdk@^0.4.3":
  version "0.4.3"
  resolved "https://registry.yarnpkg.com/@anthropic-ai/sdk/-/sdk-0.4.3.tgz#372878ad2b86b7e10e047eafd781e3aea69f8a80"
  integrity sha512-SZrlXvjUUYT9rPmSzlTtmVk1OjVNpkCzILRluhiYwNcxXfQyvPJDi0CI6PyymygcgtqEF5EVqhKmC/PtPsNEIw==
  dependencies:
    "@fortaine/fetch-event-source" "^3.0.6"
    cross-fetch "^3.1.5"

"@dqbd/tiktoken@^1.0.4":
  version "1.0.6"
  resolved "https://registry.yarnpkg.com/@dqbd/tiktoken/-/tiktoken-1.0.6.tgz#96bfd0a4909726c61551a8c783493f01841bd163"
  integrity sha512-umSdeZTy/SbPPKVuZKV/XKyFPmXSN145CcM3iHjBbmhlohBJg7vaDp4cPCW+xNlWL6L2U1sp7T2BD+di2sUKdA==

"@fortaine/fetch-event-source@^3.0.6":
  version "3.0.6"
  resolved "https://registry.yarnpkg.com/@fortaine/fetch-event-source/-/fetch-event-source-3.0.6.tgz#b8552a2ca2c5202f5699b93a92be0188d422b06e"
  integrity sha512-621GAuLMvKtyZQ3IA6nlDWhV1V/7PGOTNIGLUifxt0KzM+dZIweJ6F3XvQF3QnqeNfS1N7WQ0Kil1Di/lhChEw==

"@types/retry@0.12.0":
  version "0.12.0"
  resolved "https://registry.yarnpkg.com/@types/retry/-/retry-0.12.0.tgz#2b35eccfcee7d38cd72ad99232fbd58bffb3c84d"
  integrity sha512-wWKOClTTiizcZhXnPY4wikVAwmdYHp8q6DmC+EJUzAMsycb7HB32Kh9RN4+0gExjmPmZSAQjgURXIGATPegAvA==

accidental-value@^1.0.0:
  version "1.0.0"
  resolved "https://registry.yarnpkg.com/accidental-value/-/accidental-value-1.0.0.tgz#9d08753a8ce5f8a7e0b491579ef5c1e01889e80f"
  integrity sha512-Dug400VXZ95UwXqoSjYa3kUvKSDfOtPQAOerbKY5Tk/9Kf3DW3+sYKJK5qv4//TIwIaG2r5xxRN55OwMxCsN7A==

asynckit@^0.4.0:
  version "0.4.0"
  resolved "https://registry.yarnpkg.com/asynckit/-/asynckit-0.4.0.tgz#c79ed97f7f34cb8f2ba1bc9790bcc366474b4b79"
  integrity sha512-Oei9OH4tRh0YqU3GxhX79dM/mwVgvbZJaSNaRk+bshkj0S5cfHcgYakreBjrHwatXKbz+IoIdYLxrKim2MjW0Q==

axios@^0.26.0:
  version "0.26.1"
  resolved "https://registry.yarnpkg.com/axios/-/axios-0.26.1.tgz#1ede41c51fcf51bbbd6fd43669caaa4f0495aaa9"
  integrity sha512-fPwcX4EvnSHuInCMItEhAGnaSEXRBjtzh9fOtsE6E1G6p7vl7edEeZe11QHf18+6+9gR5PbKV/sGKNaD8YaMeA==
  dependencies:
    follow-redirects "^1.14.8"

binary-extensions@^2.2.0:
  version "2.2.0"
  resolved "https://registry.yarnpkg.com/binary-extensions/-/binary-extensions-2.2.0.tgz#75f502eeaf9ffde42fc98829645be4ea76bd9e2d"
  integrity sha512-jDctJ/IVQbZoJykoeHbhXpOlNBqGNcwXJKJog42E5HDPUwQTSdjCHdihjj0DlnheQ7blbT6dHOafNAiS8ooQKA==

binary-search@^1.3.5:
  version "1.3.6"
  resolved "https://registry.yarnpkg.com/binary-search/-/binary-search-1.3.6.tgz#e32426016a0c5092f0f3598836a1c7da3560565c"
  integrity sha512-nbE1WxOTTrUWIfsfZ4aHGYu5DOuNkbxGokjV6Z2kxfJK3uaAb8zNK1muzOeipoLHZjInT4Br88BHpzevc681xA==

browser-or-node@^2.1.1:
  version "2.1.1"
  resolved "https://registry.yarnpkg.com/browser-or-node/-/browser-or-node-2.1.1.tgz#738790b3a86a8fc020193fa581273fbe65eaea0f"
  integrity sha512-8CVjaLJGuSKMVTxJ2DpBl5XnlNDiT4cQFeuCJJrvJmts9YrTZDizTX7PjC2s6W4x+MBGZeEY6dGMrF04/6Hgqg==

combined-stream@^1.0.8:
  version "1.0.8"
  resolved "https://registry.yarnpkg.com/combined-stream/-/combined-stream-1.0.8.tgz#c3d45a8b34fd730631a110a8a2520682b31d5a7f"
  integrity sha512-FQN4MRfuJeHf7cBbBMJFXhKSDq+2kAArBlmRBvcvFE5BB1HZKXtSFASDhdlz9zOYwxh8lDdnvmMOe/+5cdoEdg==
  dependencies:
    delayed-stream "~1.0.0"

cross-fetch@^3.1.5:
  version "3.1.5"
  resolved "https://registry.yarnpkg.com/cross-fetch/-/cross-fetch-3.1.5.tgz#e1389f44d9e7ba767907f7af8454787952ab534f"
  integrity sha512-lvb1SBsI0Z7GDwmuid+mU3kWVBwTVUbe7S0H52yaaAdQOXq2YktTCZdlAcNKFzE6QtRz0snpw9bNiPeOIkkQvw==
  dependencies:
    node-fetch "2.6.7"

daccord@^1.0.1:
  version "1.1.0"
  resolved "https://registry.yarnpkg.com/daccord/-/daccord-1.1.0.tgz#36f0f39ab1f575f7709dd97d36ffe6d88b78d1b4"
  integrity sha512-LMIBv6VNgcZqD5zQEPps5xT+EyrClJwCzJR9qWGhZ4SoWylPucqtiwIWm9Z7Yla90A017+408HXh6RS4o2qkgw==

delayed-stream@~1.0.0:
  version "1.0.0"
  resolved "https://registry.yarnpkg.com/delayed-stream/-/delayed-stream-1.0.0.tgz#df3ae199acadfb7d440aaae0b29e2272b24ec619"
  integrity sha512-ZySD7Nf91aLB0RxL4KGrKHBXl7Eds1DAmEdcoVawXnLD7SDhpNgtuII2aAkg7a7QS41jxPSZ17p4VdGnMHk3MQ==

eventemitter3@^4.0.4:
  version "4.0.7"
  resolved "https://registry.yarnpkg.com/eventemitter3/-/eventemitter3-4.0.7.tgz#2de9b68f6528d5644ef5c59526a1b4a07306169f"
  integrity sha512-8guHBZCwKnFhYdHr2ysuRWErTwhoN2X8XELRlrRwpmfeY2jjuUN4taQMsULKUVo1K4DvZl+0pgfyoysHxvmvEw==

expr-eval@^2.0.2:
  version "2.0.2"
  resolved "https://registry.yarnpkg.com/expr-eval/-/expr-eval-2.0.2.tgz#fa6f044a7b0c93fde830954eb9c5b0f7fbc7e201"
  integrity sha512-4EMSHGOPSwAfBiibw3ndnP0AvjDWLsMvGOvWEZ2F96IGk0bIVdjQisOHxReSkE13mHcfbuCiXw+G4y0zv6N8Eg==

flat@^5.0.2:
  version "5.0.2"
  resolved "https://registry.yarnpkg.com/flat/-/flat-5.0.2.tgz#8ca6fe332069ffa9d324c327198c598259ceb241"
  integrity sha512-b6suED+5/3rTpUBdG1gupIl8MPFCAMA0QXwmljLhvCUKcUvdE4gWky9zpuGCcXHOsz4J9wPGNWq6OKpmIzz3hQ==

follow-redirects@^1.14.8:
  version "1.15.2"
  resolved "https://registry.yarnpkg.com/follow-redirects/-/follow-redirects-1.15.2.tgz#b460864144ba63f2681096f274c4e57026da2c13"
  integrity sha512-VQLG33o04KaQ8uYi2tVNbdrWp1QWxNNea+nmIB4EVM28v0hmP17z7aG1+wAkNzVq4KeXTq3221ye5qTJP91JwA==

form-data@^4.0.0:
  version "4.0.0"
  resolved "https://registry.yarnpkg.com/form-data/-/form-data-4.0.0.tgz#93919daeaf361ee529584b9b31664dc12c9fa452"
  integrity sha512-ETEklSGi5t0QMZuiXoA/Q6vcnxcLQP5vdugSpuAyi6SVGi2clPPp+xgEhuMaHC+zGgn31Kd235W35f7Hykkaww==
  dependencies:
    asynckit "^0.4.0"
    combined-stream "^1.0.8"
    mime-types "^2.1.12"

helmholtz@^2.0.1:
  version "2.0.2"
  resolved "https://registry.yarnpkg.com/helmholtz/-/helmholtz-2.0.2.tgz#54630621bd87575b0c2bd9147087a79a8fe30811"
  integrity sha512-0Pw0Z1W+SxObTKrdyKFZ6n3DV34aAyufdE9/hSRqqfb9q+myVgzlAyTUESr+eHTBX5pKsQgV5wlfexkM+wGnPg==
  dependencies:
    accidental-value "^1.0.0"
    notecoord "^1.0.1"

interval-coords@^1.1.1:
  version "1.1.1"
  resolved "https://registry.yarnpkg.com/interval-coords/-/interval-coords-1.1.1.tgz#4a83a402146d95a4db062c129b79cb34a7ecddc9"
  integrity sha512-s7tB4gLonSlNpJ1bIzQUtdehpX7BjdCQnlBfKl6wXNo93/KIrum/DQdKOzbObjTrfYY4IwlRfJI7NZdFoRo0Qw==

is-any-array@^2.0.0:
  version "2.0.0"
  resolved "https://registry.yarnpkg.com/is-any-array/-/is-any-array-2.0.0.tgz#e71bc13741537c06afac03c07885967ef56d8742"
  integrity sha512-WdPV58rT3aOWXvvyuBydnCq4S2BM1Yz8shKxlEpk/6x+GX202XRvXOycEFtNgnHVLoc46hpexPFx8Pz1/sMS0w==

jsonpointer@^5.0.1:
  version "5.0.1"
  resolved "https://registry.yarnpkg.com/jsonpointer/-/jsonpointer-5.0.1.tgz#2110e0af0900fd37467b5907ecd13a7884a1b559"
  integrity sha512-p/nXbhSEcu3pZRdkW1OfJhpsVtW1gd4Wa1fnQc9YLiTfAjn0312eMKimbdIQzuZl9aa9xUGaRlP9T/CJE/ditQ==

langchain@^0.0.57:
  version "0.0.57"
  resolved "https://registry.yarnpkg.com/langchain/-/langchain-0.0.57.tgz#84d332344c2786a54643aba072c7e07b1df039fd"
  integrity sha512-Ik8SGMzl6woXkqmdWnNIqY7ds3+y1b6FLYDhCXpTT3fHHD+vsNgiapAAdJ/lkThnYQ0y0i3gtv1pHbjfsYS5qw==
  dependencies:
    "@anthropic-ai/sdk" "^0.4.3"
    "@dqbd/tiktoken" "^1.0.4"
    binary-extensions "^2.2.0"
    browser-or-node "^2.1.1"
    expr-eval "^2.0.2"
    flat "^5.0.2"
    jsonpointer "^5.0.1"
    ml-distance "^4.0.0"
    object-hash "^3.0.0"
    openai "^3.2.0"
    p-queue "^6.6.2"
    p-retry "4"
    uuid "^9.0.0"
    yaml "^2.2.1"
    zod "^3.21.4"

mime-db@1.52.0:
  version "1.52.0"
  resolved "https://registry.yarnpkg.com/mime-db/-/mime-db-1.52.0.tgz#bbabcdc02859f4987301c856e3387ce5ec43bf70"
  integrity sha512-sPU4uV7dYlvtWJxwwxHD0PuihVNiE7TyAbQ5SWxDCB9mUYvOgroQOwYQQOKPJ8CIbE+1ETVlOoK1UC2nU3gYvg==

mime-types@^2.1.12:
  version "2.1.35"
  resolved "https://registry.yarnpkg.com/mime-types/-/mime-types-2.1.35.tgz#381a871b62a734450660ae3deee44813f70d959a"
  integrity sha512-ZDY+bPm5zTTF+YpCrAU9nK0UgICYPT0QtT1NZWFv4s++TNkcgVaT0g6+4R2uI4MjQjzysHB1zxuWL50hzaeXiw==
  dependencies:
    mime-db "1.52.0"

ml-array-mean@^1.1.6:
  version "1.1.6"
  resolved "https://registry.yarnpkg.com/ml-array-mean/-/ml-array-mean-1.1.6.tgz#d951a700dc8e3a17b3e0a583c2c64abd0c619c56"
  integrity sha512-MIdf7Zc8HznwIisyiJGRH9tRigg3Yf4FldW8DxKxpCCv/g5CafTw0RRu51nojVEOXuCQC7DRVVu5c7XXO/5joQ==
  dependencies:
    ml-array-sum "^1.1.6"

ml-array-sum@^1.1.6:
  version "1.1.6"
  resolved "https://registry.yarnpkg.com/ml-array-sum/-/ml-array-sum-1.1.6.tgz#d1d89c20793cd29c37b09d40e85681aa4515a955"
  integrity sha512-29mAh2GwH7ZmiRnup4UyibQZB9+ZLyMShvt4cH4eTK+cL2oEMIZFnSyB3SS8MlsTh6q/w/yh48KmqLxmovN4Dw==
  dependencies:
    is-any-array "^2.0.0"

ml-distance-euclidean@^2.0.0:
  version "2.0.0"
  resolved "https://registry.yarnpkg.com/ml-distance-euclidean/-/ml-distance-euclidean-2.0.0.tgz#3a668d236649d1b8fec96380b9435c6f42c9a817"
  integrity sha512-yC9/2o8QF0A3m/0IXqCTXCzz2pNEzvmcE/9HFKOZGnTjatvBbsn4lWYJkxENkA4Ug2fnYl7PXQxnPi21sgMy/Q==

ml-distance@^4.0.0:
  version "4.0.0"
  resolved "https://registry.yarnpkg.com/ml-distance/-/ml-distance-4.0.0.tgz#197c272abea03f13e1746e59a35be4491566bfdc"
  integrity sha512-zj7+UGZpHk3uL7n79XTfGNUjIGnhLn8xVvrxYvBHvXFxo3jq1q+/UjP311hZxnLVhbxbXCjUniThX8gozjacYA==
  dependencies:
    ml-array-mean "^1.1.6"
    ml-distance-euclidean "^2.0.0"
    ml-tree-similarity "^1.0.0"

ml-tree-similarity@^1.0.0:
  version "1.0.0"
  resolved "https://registry.yarnpkg.com/ml-tree-similarity/-/ml-tree-similarity-1.0.0.tgz#24705a107e32829e24d945e87219e892159c53f0"
  integrity sha512-XJUyYqjSuUQkNQHMscr6tcjldsOoAekxADTplt40QKfwW6nd++1wHWV9AArl0Zvw/TIHgNaZZNvr8QGvE8wLRg==
  dependencies:
    binary-search "^1.3.5"
    num-sort "^2.0.0"

node-fetch@2.6.7:
  version "2.6.7"
  resolved "https://registry.yarnpkg.com/node-fetch/-/node-fetch-2.6.7.tgz#24de9fba827e3b4ae44dc8b20256a379160052ad"
  integrity sha512-ZjMPFEfVx5j+y2yF35Kzx5sF7kDzxuDj6ziH4FFbOp87zKDZNx8yExJIb05OGF4Nlt9IHFIMBkRl41VdvcNdbQ==
  dependencies:
    whatwg-url "^5.0.0"

notecoord@^1.0.1:
  version "1.1.0"
  resolved "https://registry.yarnpkg.com/notecoord/-/notecoord-1.1.0.tgz#89c42ab7bb5796a29f3c7fade9825c509d8f1ed1"
  integrity sha512-nMJ/uHG9AxMO5lZ0JBb17+T2eU5CbqChAfTJpC0SdvMzguvy4b2iIO7jhdoRdv+k19Nko7XGcmRCSeqd/aGVXA==

num-sort@^2.0.0:
  version "2.1.0"
  resolved "https://registry.yarnpkg.com/num-sort/-/num-sort-2.1.0.tgz#1cbb37aed071329fdf41151258bc011898577a9b"
  integrity sha512-1MQz1Ed8z2yckoBeSfkQHHO9K1yDRxxtotKSJ9yvcTUUxSvfvzEq5GwBrjjHEpMlq/k5gvXdmJ1SbYxWtpNoVg==

object-hash@^3.0.0:
  version "3.0.0"
  resolved "https://registry.yarnpkg.com/object-hash/-/object-hash-3.0.0.tgz#73f97f753e7baffc0e2cc9d6e079079744ac82e9"
  integrity sha512-RSn9F68PjH9HqtltsSnqYC1XXoWe9Bju5+213R98cNGttag9q9yAOTzdbsqvIa7aNm5WffBZFpWYr2aWrklWAw==

openai@^3.2.0, openai@^3.2.1:
  version "3.2.1"
  resolved "https://registry.yarnpkg.com/openai/-/openai-3.2.1.tgz#1fa35bdf979cbde8453b43f2dd3a7d401ee40866"
  integrity sha512-762C9BNlJPbjjlWZi4WYK9iM2tAVAv0uUp1UmI34vb0CN5T2mjB/qM6RYBmNKMh/dN9fC+bxqPwWJZUTWW052A==
  dependencies:
    axios "^0.26.0"
    form-data "^4.0.0"

p-finally@^1.0.0:
  version "1.0.0"
  resolved "https://registry.yarnpkg.com/p-finally/-/p-finally-1.0.0.tgz#3fbcfb15b899a44123b34b6dcc18b724336a2cae"
  integrity sha512-LICb2p9CB7FS+0eR1oqWnHhp0FljGLZCWBE9aix0Uye9W8LTQPwMTYVGWQWIw9RdQiDg4+epXQODwIYJtSJaow==

p-queue@^6.6.2:
  version "6.6.2"
  resolved "https://registry.yarnpkg.com/p-queue/-/p-queue-6.6.2.tgz#2068a9dcf8e67dd0ec3e7a2bcb76810faa85e426"
  integrity sha512-RwFpb72c/BhQLEXIZ5K2e+AhgNVmIejGlTgiB9MzZ0e93GRvqZ7uSi0dvRF7/XIXDeNkra2fNHBxTyPDGySpjQ==
  dependencies:
    eventemitter3 "^4.0.4"
    p-timeout "^3.2.0"

p-retry@4:
  version "4.6.2"
  resolved "https://registry.yarnpkg.com/p-retry/-/p-retry-4.6.2.tgz#9baae7184057edd4e17231cee04264106e092a16"
  integrity sha512-312Id396EbJdvRONlngUx0NydfrIQ5lsYu0znKVUzVvArzEIt08V1qhtyESbGVd1FGX7UKtiFp5uwKZdM8wIuQ==
  dependencies:
    "@types/retry" "0.12.0"
    retry "^0.13.1"

p-timeout@^3.2.0:
  version "3.2.0"
  resolved "https://registry.yarnpkg.com/p-timeout/-/p-timeout-3.2.0.tgz#c7e17abc971d2a7962ef83626b35d635acf23dfe"
  integrity sha512-rhIwUycgwwKcP9yTOOFK/AKsAopjjCakVqLHePO3CC6Mir1Z99xT+R63jZxAT5lFZLa2inS5h+ZS2GvR99/FBg==
  dependencies:
    p-finally "^1.0.0"

pitch-fq@^1.0.0:
  version "1.0.0"
  resolved "https://registry.yarnpkg.com/pitch-fq/-/pitch-fq-1.0.0.tgz#651b3e8852f65b9555f3a28f7ae96f11e3533416"
  integrity sha512-a2C3vxij0lxkY3yn7w0MmTiPdIgBuwv5kZPngIZJ2lOz7VGgNL/60liG88XHP3oX906QRGEpGkZCOEfm1OUc+g==

retry@^0.13.1:
  version "0.13.1"
  resolved "https://registry.yarnpkg.com/retry/-/retry-0.13.1.tgz#185b1587acf67919d63b357349e03537b2484658"
  integrity sha512-XQBQ3I8W1Cge0Seh+6gjj03LbmRFWuoszgK9ooCpwYIrhhoO80pfq4cUkU5DkknwfOfFteRwlZ56PYOGYyFWdg==

scientific-notation@^1.0.2:
  version "1.0.2"
  resolved "https://registry.yarnpkg.com/scientific-notation/-/scientific-notation-1.0.2.tgz#ccea3954fe2a979d3641c963acd99e5733639182"
  integrity sha512-F2HBoNIyQf1HSEJfQj/ycE3KLg/Hf74yACkzyZjvSYaiZ5pvqFjmPEvsp4CcudFUdKPCmVEWEZ5AyxHqBsiJRw==
  dependencies:
    accidental-value "^1.0.0"
    notecoord "^1.0.1"

teoria@^2.5.0:
  version "2.5.0"
  resolved "https://registry.yarnpkg.com/teoria/-/teoria-2.5.0.tgz#015e245d3094a60e84b2ee5ea9d58d795bf78ed5"
  integrity sha512-LdnDG2PKkYAdBWGBgqZS3POuwq3Kzwj4PBR4PzEsEQ8T/tGqwEoa++SLDxSx7mvsfYA2VirfJWSXhMcpuhquaQ==
  dependencies:
    daccord "^1.0.1"
    helmholtz "^2.0.1"
    interval-coords "^1.1.1"
    pitch-fq "^1.0.0"
    scientific-notation "^1.0.2"

tr46@~0.0.3:
  version "0.0.3"
  resolved "https://registry.yarnpkg.com/tr46/-/tr46-0.0.3.tgz#8184fd347dac9cdc185992f3a6622e14b9d9ab6a"
  integrity sha512-N3WMsuqV66lT30CrXNbEjx4GEwlow3v6rr4mCcv6prnfwhS01rkgyFdjPNBYd9br7LpXV1+Emh01fHnq2Gdgrw==

uuid@^9.0.0:
  version "9.0.0"
  resolved "https://registry.yarnpkg.com/uuid/-/uuid-9.0.0.tgz#592f550650024a38ceb0c562f2f6aa435761efb5"
  integrity sha512-MXcSTerfPa4uqyzStbRoTgt5XIe3x5+42+q1sDuy3R5MDk66URdLMOZe5aPX/SQd+kuYAh0FdP/pO28IkQyTeg==

webidl-conversions@^3.0.0:
  version "3.0.1"
  resolved "https://registry.yarnpkg.com/webidl-conversions/-/webidl-conversions-3.0.1.tgz#24534275e2a7bc6be7bc86611cc16ae0a5654871"
  integrity sha512-2JAn3z8AR6rjK8Sm8orRC0h/bcl/DqL7tRPdGZ4I1CjdF+EaMLmYxBHyXuKL849eucPFhvBoxMsflfOb8kxaeQ==

whatwg-url@^5.0.0:
  version "5.0.0"
  resolved "https://registry.yarnpkg.com/whatwg-url/-/whatwg-url-5.0.0.tgz#966454e8765462e37644d3626f6742ce8b70965d"
  integrity sha512-saE57nupxk6v3HY35+jzBwYa0rKSy0XR8JSxZPwgLr7ys0IBzhGviA1/TUGJLmSVqs8pb9AnvICXEuOHLprYTw==
  dependencies:
    tr46 "~0.0.3"
    webidl-conversions "^3.0.0"

yaml@^2.2.1:
  version "2.2.1"
  resolved "https://registry.yarnpkg.com/yaml/-/yaml-2.2.1.tgz#3014bf0482dcd15147aa8e56109ce8632cd60ce4"
  integrity sha512-e0WHiYql7+9wr4cWMx3TVQrNwejKaEe7/rHNmQmqRjazfOP5W8PB6Jpebb5o6fIapbz9o9+2ipcaTM2ZwDI6lw==

zod@^3.21.4:
  version "3.21.4"
  resolved "https://registry.yarnpkg.com/zod/-/zod-3.21.4.tgz#10882231d992519f0a10b5dd58a38c9dabbb64db"
  integrity sha512-m46AKbrzKVzOzs/DZgVnG5H55N1sv1M8qZU3A8RIKbs3mrACDNeIOeilDymVb2HdmP8uwshOCF4uJ8uM9rCqJw==
